
Microsoft Visual Studio Solution File, Format Version 12.00
# Visual Studio Version 17
VisualStudioVersion = 17.2.32630.192
MinimumVisualStudioVersion = 10.0.40219.1
Project("{9A19103F-16F7-4668-BE54-9A1E7A4F7556}") = "F10Y.L0061.Construction", "F10Y.L0061.Construction\F10Y.L0061.Construction.csproj", "{D238DA72-0381-4E32-9C06-05F688815A1F}"
EndProject
Project("{9A19103F-16F7-4668-BE54-9A1E7A4F7556}") = "F10Y.L0061", "F10Y.L0061\F10Y.L0061.csproj", "{104F0552-A0DB-4F09-9D46-B686387FC54A}"
EndProject
Project("{2150E333-8FDC-42A3-9474-1A3956D46DE8}") = "_Dependencies", "_Dependencies", "{08EED82D-8FFD-4AC3-80DA-8C8EF8266982}"
EndProject
Project("{9A19103F-16F7-4668-BE54-9A1E7A4F7556}") = "F10Y.L0000", "..\..\F10Y.L0000\source\F10Y.L0000\F10Y.L0000.csproj", "{E1679E95-B4C5-464E-87B5-AF22B4A053FA}"
EndProject
Project("{9A19103F-16F7-4668-BE54-9A1E7A4F7556}") = "F10Y.L0060", "..\..\F10Y.L0060\source\F10Y.L0060\F10Y.L0060.csproj", "{5F564659-477B-4D41-9221-296A1B09AF21}"
EndProject
Project("{9A19103F-16F7-4668-BE54-9A1E7A4F7556}") = "F10Y.T0000", "..\..\F10Y.T0000\source\F10Y.T0000\F10Y.T0000.csproj", "{D04E1ACE-C9B6-4F98-A475-BE72AD536E21}"
EndProject
Project("{9A19103F-16F7-4668-BE54-9A1E7A4F7556}") = "F10Y.T0001", "..\..\F10Y.T0001\source\F10Y.T0001\F10Y.T0001.csproj", "{BEE7D2AC-7709-48A2-BF04-7B528CD0F8F1}"
EndProject
Project("{9A19103F-16F7-4668-BE54-9A1E7A4F7556}") = "F10Y.T0002", "..\..\F10Y.T0002\source\F10Y.T0002\F10Y.T0002.csproj", "{B8B224C8-1822-49CF-8BAA-AA08C22D0988}"
EndProject
Project("{9A19103F-16F7-4668-BE54-9A1E7A4F7556}") = "F10Y.T0003", "..\..\F10Y.T0003\source\F10Y.T0003\F10Y.T0003.csproj", "{89663BB5-DDA9-4ED8-AF4E-17055E74D5CE}"
EndProject
Project("{9A19103F-16F7-4668-BE54-9A1E7A4F7556}") = "F10Y.T0011", "..\..\F10Y.T0011\source\F10Y.T0011\F10Y.T0011.csproj", "{CA72A68B-E977-449B-A1CB-0497A5548972}"
EndProject
Project("{9A19103F-16F7-4668-BE54-9A1E7A4F7556}") = "F10Y.Y0000", "..\..\F10Y.Y0000\source\F10Y.Y0000\F10Y.Y0000.csproj", "{49B7564A-C187-4D2D-87B2-9B4EDAE8855D}"
EndProject
Project("{9A19103F-16F7-4668-BE54-9A1E7A4F7556}") = "F10Y.L0061.L000", "F10Y.L0061.L000\F10Y.L0061.L000.csproj", "{81494950-B683-4239-AE1C-3BAB1A4B7BDA}"
EndProject
Project("{9A19103F-16F7-4668-BE54-9A1E7A4F7556}") = "F10Y.L0001.L000", "..\..\F10Y.L0001\source\F10Y.L0001.L000\F10Y.L0001.L000.csproj", "{841F921D-12B0-49B5-AC30-9D38B00F90E8}"
EndProject
Project("{9A19103F-16F7-4668-BE54-9A1E7A4F7556}") = "F10Y.T0004", "..\..\F10Y.T0004\source\F10Y.T0004\F10Y.T0004.csproj", "{173DF324-AA19-4640-A6AB-D2E9196F1BEB}"
EndProject
Global
	GlobalSection(NestedProjects) = preSolution
		{E1679E95-B4C5-464E-87B5-AF22B4A053FA} = {08EED82D-8FFD-4AC3-80DA-8C8EF8266982}
		{5F564659-477B-4D41-9221-296A1B09AF21} = {08EED82D-8FFD-4AC3-80DA-8C8EF8266982}
		{D04E1ACE-C9B6-4F98-A475-BE72AD536E21} = {08EED82D-8FFD-4AC3-80DA-8C8EF8266982}
		{BEE7D2AC-7709-48A2-BF04-7B528CD0F8F1} = {08EED82D-8FFD-4AC3-80DA-8C8EF8266982}
		{B8B224C8-1822-49CF-8BAA-AA08C22D0988} = {08EED82D-8FFD-4AC3-80DA-8C8EF8266982}
		{89663BB5-DDA9-4ED8-AF4E-17055E74D5CE} = {08EED82D-8FFD-4AC3-80DA-8C8EF8266982}
		{CA72A68B-E977-449B-A1CB-0497A5548972} = {08EED82D-8FFD-4AC3-80DA-8C8EF8266982}
		{49B7564A-C187-4D2D-87B2-9B4EDAE8855D} = {08EED82D-8FFD-4AC3-80DA-8C8EF8266982}
		{841F921D-12B0-49B5-AC30-9D38B00F90E8} = {08EED82D-8FFD-4AC3-80DA-8C8EF8266982}
		{173DF324-AA19-4640-A6AB-D2E9196F1BEB} = {08EED82D-8FFD-4AC3-80DA-8C8EF8266982}
	EndGlobalSection
	GlobalSection(SolutionConfigurationPlatforms) = preSolution
		Debug|Any CPU = Debug|Any CPU
		Release|Any CPU = Release|Any CPU
	EndGlobalSection
	GlobalSection(ProjectConfigurationPlatforms) = postSolution
		{D238DA72-0381-4E32-9C06-05F688815A1F}.Debug|Any CPU.ActiveCfg = Debug|Any CPU
		{D238DA72-0381-4E32-9C06-05F688815A1F}.Debug|Any CPU.Build.0 = Debug|Any CPU
		{D238DA72-0381-4E32-9C06-05F688815A1F}.Release|Any CPU.ActiveCfg = Release|Any CPU
		{D238DA72-0381-4E32-9C06-05F688815A1F}.Release|Any CPU.Build.0 = Release|Any CPU
		{104F0552-A0DB-4F09-9D46-B686387FC54A}.Debug|Any CPU.ActiveCfg = Debug|Any CPU
		{104F0552-A0DB-4F09-9D46-B686387FC54A}.Debug|Any CPU.Build.0 = Debug|Any CPU
		{104F0552-A0DB-4F09-9D46-B686387FC54A}.Release|Any CPU.ActiveCfg = Release|Any CPU
		{104F0552-A0DB-4F09-9D46-B686387FC54A}.Release|Any CPU.Build.0 = Release|Any CPU
		{E1679E95-B4C5-464E-87B5-AF22B4A053FA}.Debug|Any CPU.ActiveCfg = Debug|Any CPU
		{E1679E95-B4C5-464E-87B5-AF22B4A053FA}.Debug|Any CPU.Build.0 = Debug|Any CPU
		{E1679E95-B4C5-464E-87B5-AF22B4A053FA}.Release|Any CPU.ActiveCfg = Release|Any CPU
		{E1679E95-B4C5-464E-87B5-AF22B4A053FA}.Release|Any CPU.Build.0 = Release|Any CPU
		{5F564659-477B-4D41-9221-296A1B09AF21}.Debug|Any CPU.ActiveCfg = Debug|Any CPU
		{5F564659-477B-4D41-9221-296A1B09AF21}.Debug|Any CPU.Build.0 = Debug|Any CPU
		{5F564659-477B-4D41-9221-296A1B09AF21}.Release|Any CPU.ActiveCfg = Release|Any CPU
		{5F564659-477B-4D41-9221-296A1B09AF21}.Release|Any CPU.Build.0 = Release|Any CPU
		{D04E1ACE-C9B6-4F98-A475-BE72AD536E21}.Debug|Any CPU.ActiveCfg = Debug|Any CPU
		{D04E1ACE-C9B6-4F98-A475-BE72AD536E21}.Debug|Any CPU.Build.0 = Debug|Any CPU
		{D04E1ACE-C9B6-4F98-A475-BE72AD536E21}.Release|Any CPU.ActiveCfg = Release|Any CPU
		{D04E1ACE-C9B6-4F98-A475-BE72AD536E21}.Release|Any CPU.Build.0 = Release|Any CPU
		{BEE7D2AC-7709-48A2-BF04-7B528CD0F8F1}.Debug|Any CPU.ActiveCfg = Debug|Any CPU
		{BEE7D2AC-7709-48A2-BF04-7B528CD0F8F1}.Debug|Any CPU.Build.0 = Debug|Any CPU
		{BEE7D2AC-7709-48A2-BF04-7B528CD0F8F1}.Release|Any CPU.ActiveCfg = Release|Any CPU
		{BEE7D2AC-7709-48A2-BF04-7B528CD0F8F1}.Release|Any CPU.Build.0 = Release|Any CPU
		{B8B224C8-1822-49CF-8BAA-AA08C22D0988}.Debug|Any CPU.ActiveCfg = Debug|Any CPU
		{B8B224C8-1822-49CF-8BAA-AA08C22D0988}.Debug|Any CPU.Build.0 = Debug|Any CPU
		{B8B224C8-1822-49CF-8BAA-AA08C22D0988}.Release|Any CPU.ActiveCfg = Release|Any CPU
		{B8B224C8-1822-49CF-8BAA-AA08C22D0988}.Release|Any CPU.Build.0 = Release|Any CPU
		{89663BB5-DDA9-4ED8-AF4E-17055E74D5CE}.Debug|Any CPU.ActiveCfg = Debug|Any CPU
		{89663BB5-DDA9-4ED8-AF4E-17055E74D5CE}.Debug|Any CPU.Build.0 = Debug|Any CPU
		{89663BB5-DDA9-4ED8-AF4E-17055E74D5CE}.Release|Any CPU.ActiveCfg = Release|Any CPU
		{89663BB5-DDA9-4ED8-AF4E-17055E74D5CE}.Release|Any CPU.Build.0 = Release|Any CPU
		{CA72A68B-E977-449B-A1CB-0497A5548972}.Debug|Any CPU.ActiveCfg = Debug|Any CPU
		{CA72A68B-E977-449B-A1CB-0497A5548972}.Debug|Any CPU.Build.0 = Debug|Any CPU
		{CA72A68B-E977-449B-A1CB-0497A5548972}.Release|Any CPU.ActiveCfg = Release|Any CPU
		{CA72A68B-E977-449B-A1CB-0497A5548972}.Release|Any CPU.Build.0 = Release|Any CPU
		{49B7564A-C187-4D2D-87B2-9B4EDAE8855D}.Debug|Any CPU.ActiveCfg = Debug|Any CPU
		{49B7564A-C187-4D2D-87B2-9B4EDAE8855D}.Debug|Any CPU.Build.0 = Debug|Any CPU
		{49B7564A-C187-4D2D-87B2-9B4EDAE8855D}.Release|Any CPU.ActiveCfg = Release|Any CPU
		{49B7564A-C187-4D2D-87B2-9B4EDAE8855D}.Release|Any CPU.Build.0 = Release|Any CPU
		{81494950-B683-4239-AE1C-3BAB1A4B7BDA}.Debug|Any CPU.ActiveCfg = Debug|Any CPU
		{81494950-B683-4239-AE1C-3BAB1A4B7BDA}.Debug|Any CPU.Build.0 = Debug|Any CPU
		{81494950-B683-4239-AE1C-3BAB1A4B7BDA}.Release|Any CPU.ActiveCfg = Release|Any CPU
		{81494950-B683-4239-AE1C-3BAB1A4B7BDA}.Release|Any CPU.Build.0 = Release|Any CPU
		{841F921D-12B0-49B5-AC30-9D38B00F90E8}.Debug|Any CPU.ActiveCfg = Debug|Any CPU
		{841F921D-12B0-49B5-AC30-9D38B00F90E8}.Debug|Any CPU.Build.0 = Debug|Any CPU
		{841F921D-12B0-49B5-AC30-9D38B00F90E8}.Release|Any CPU.ActiveCfg = Release|Any CPU
		{841F921D-12B0-49B5-AC30-9D38B00F90E8}.Release|Any CPU.Build.0 = Release|Any CPU
		{173DF324-AA19-4640-A6AB-D2E9196F1BEB}.Debug|Any CPU.ActiveCfg = Debug|Any CPU
		{173DF324-AA19-4640-A6AB-D2E9196F1BEB}.Debug|Any CPU.Build.0 = Debug|Any CPU
		{173DF324-AA19-4640-A6AB-D2E9196F1BEB}.Release|Any CPU.ActiveCfg = Release|Any CPU
		{173DF324-AA19-4640-A6AB-D2E9196F1BEB}.Release|Any CPU.Build.0 = Release|Any CPU
	EndGlobalSection
	GlobalSection(SolutionProperties) = preSolution
		HideSolutionNode = FALSE
	EndGlobalSection
	GlobalSection(ExtensibilityGlobals) = postSolution
		SolutionGuid = {3D2B909F-DA44-482D-8D9F-FD9B2607836F}
	EndGlobalSection
EndGlobal
